Microsoft Visual Studio Solution File, Format Version 12.00
# Visual Studio Version 17
VisualStudioVersion = 17.13.35931.197
MinimumVisualStudioVersion = 10.0.40219.1
Project("{FAE04EC0-301F-11D3-BF4B-00C04F79EFBC}") = "finrv.ApiService", "finrv.ApiService\finrv.ApiService.csproj", "{83A73EDC-2AED-4D6D-3A6F-41DCF430FB1D}"
EndProject
Project("{FAE04EC0-301F-11D3-BF4B-00C04F79EFBC}") = "finrv.Domain", "finrv.Domain\finrv.Domain.csproj", "{6803C221-0D11-4368-A6EB-7E2C8D3A0553}"
EndProject
Project("{FAE04EC0-301F-11D3-BF4B-00C04F79EFBC}") = "finrv.Application", "finrv.Application\finrv.Application.csproj", "{055AB108-0893-460F-9364-70404A4857CD}"
EndProject
Project("{FAE04EC0-301F-11D3-BF4B-00C04F79EFBC}") = "finrv.Infra", "finrv.Infra\finrv.Infra.csproj", "{89ED07B5-7FE0-42FF-A583-F326622D0F76}"
EndProject
Project("{2150E333-8FDC-42A3-9474-1A3956D46DE8}") = "files", "files", "{02EA681E-C7D8-13C7-8484-4AC65E1B71E8}"
	ProjectSection(SolutionItems) = preProject
		.env-example = .env-example
		.gitignore = .gitignore
		docker-compose.yml = docker-compose.yml
		LICENSE = LICENSE
		README.md = README.md
	EndProjectSection
EndProject
Global
	GlobalSection(SolutionConfigurationPlatforms) = preSolution
		Debug|Any CPU = Debug|Any CPU
		Release|Any CPU = Release|Any CPU
	EndGlobalSection
	GlobalSection(ProjectConfigurationPlatforms) = postSolution
		{83A73EDC-2AED-4D6D-3A6F-41DCF430FB1D}.Debug|Any CPU.ActiveCfg = Debug|Any CPU
		{83A73EDC-2AED-4D6D-3A6F-41DCF430FB1D}.Debug|Any CPU.Build.0 = Debug|Any CPU
		{83A73EDC-2AED-4D6D-3A6F-41DCF430FB1D}.Release|Any CPU.ActiveCfg = Release|Any CPU
		{83A73EDC-2AED-4D6D-3A6F-41DCF430FB1D}.Release|Any CPU.Build.0 = Release|Any CPU
		{6803C221-0D11-4368-A6EB-7E2C8D3A0553}.Debug|Any CPU.ActiveCfg = Debug|Any CPU
		{6803C221-0D11-4368-A6EB-7E2C8D3A0553}.Debug|Any CPU.Build.0 = Debug|Any CPU
		{6803C221-0D11-4368-A6EB-7E2C8D3A0553}.Release|Any CPU.ActiveCfg = Release|Any CPU
		{6803C221-0D11-4368-A6EB-7E2C8D3A0553}.Release|Any CPU.Build.0 = Release|Any CPU
		{055AB108-0893-460F-9364-70404A4857CD}.Debug|Any CPU.ActiveCfg = Debug|Any CPU
		{055AB108-0893-460F-9364-70404A4857CD}.Debug|Any CPU.Build.0 = Debug|Any CPU
		{055AB108-0893-460F-9364-70404A4857CD}.Release|Any CPU.ActiveCfg = Release|Any CPU
		{055AB108-0893-460F-9364-70404A4857CD}.Release|Any CPU.Build.0 = Release|Any CPU
		{89ED07B5-7FE0-42FF-A583-F326622D0F76}.Debug|Any CPU.ActiveCfg = Debug|Any CPU
		{89ED07B5-7FE0-42FF-A583-F326622D0F76}.Debug|Any CPU.Build.0 = Debug|Any CPU
		{89ED07B5-7FE0-42FF-A583-F326622D0F76}.Release|Any CPU.ActiveCfg = Release|Any CPU
		{89ED07B5-7FE0-42FF-A583-F326622D0F76}.Release|Any CPU.Build.0 = Release|Any CPU
	EndGlobalSection
	GlobalSection(SolutionProperties) = preSolution
		HideSolutionNode = FALSE
	EndGlobalSection
	GlobalSection(ExtensibilityGlobals) = postSolution
		SolutionGuid = {3F295F5D-D11D-4374-927F-713001BC75A1}
	EndGlobalSection
EndGlobal
